
Microsoft Visual Studio Solution File, Format Version 12.00
# Visual Studio Version 17
VisualStudioVersion = 17.9.34728.123
MinimumVisualStudioVersion = 10.0.40219.1
Project("{9A19103F-16F7-4668-BE54-9A1E7A4F7556}") = "Paint-application", "Paint-application.csproj", "{B2BBEF7C-4688-4F7A-8F88-A7ABA9511483}"
EndProject
Project("{9A19103F-16F7-4668-BE54-9A1E7A4F7556}") = "IShape", "..\MyShape\IShape.csproj", "{647D8825-3710-4494-B13A-92C6BF67E99A}"
EndProject
Project("{9A19103F-16F7-4668-BE54-9A1E7A4F7556}") = "MyLine", "..\MyLine\MyLine.csproj", "{DF14EE27-F3B4-4455-8EF8-ED8D2548352F}"
EndProject
Project("{9A19103F-16F7-4668-BE54-9A1E7A4F7556}") = "MyRectangle", "..\MyRectangle\MyRectangle.csproj", "{ADE61610-C25A-48A8-97A7-7CB17917348D}"
EndProject
Project("{9A19103F-16F7-4668-BE54-9A1E7A4F7556}") = "MyEllipse", "..\MyEllipse\MyEllipse.csproj", "{6C203ACC-DF6D-42C4-AB70-D0C2C43BF8F4}"
EndProject
Project("{FAE04EC0-301F-11D3-BF4B-00C04F79EFBC}") = "MyStar", "..\MyStar\MyStar.csproj", "{2B7DE3DC-8440-44AC-A7EE-27DAB04CBDAA}"
EndProject
Project("{FAE04EC0-301F-11D3-BF4B-00C04F79EFBC}") = "MyTriangle", "..\MyTriangle\MyTriangle.csproj", "{DB428595-22E9-4420-9D4C-723D4599E3A2}"
EndProject
Global
	GlobalSection(SolutionConfigurationPlatforms) = preSolution
		Debug|Any CPU = Debug|Any CPU
		Release|Any CPU = Release|Any CPU
	EndGlobalSection
	GlobalSection(ProjectConfigurationPlatforms) = postSolution
		{B2BBEF7C-4688-4F7A-8F88-A7ABA9511483}.Debug|Any CPU.ActiveCfg = Debug|Any CPU
		{B2BBEF7C-4688-4F7A-8F88-A7ABA9511483}.Debug|Any CPU.Build.0 = Debug|Any CPU
		{B2BBEF7C-4688-4F7A-8F88-A7ABA9511483}.Release|Any CPU.ActiveCfg = Release|Any CPU
		{B2BBEF7C-4688-4F7A-8F88-A7ABA9511483}.Release|Any CPU.Build.0 = Release|Any CPU
		{647D8825-3710-4494-B13A-92C6BF67E99A}.Debug|Any CPU.ActiveCfg = Debug|Any CPU
		{647D8825-3710-4494-B13A-92C6BF67E99A}.Debug|Any CPU.Build.0 = Debug|Any CPU
		{647D8825-3710-4494-B13A-92C6BF67E99A}.Release|Any CPU.ActiveCfg = Release|Any CPU
		{647D8825-3710-4494-B13A-92C6BF67E99A}.Release|Any CPU.Build.0 = Release|Any CPU
		{DF14EE27-F3B4-4455-8EF8-ED8D2548352F}.Debug|Any CPU.ActiveCfg = Debug|Any CPU
		{DF14EE27-F3B4-4455-8EF8-ED8D2548352F}.Debug|Any CPU.Build.0 = Debug|Any CPU
		{DF14EE27-F3B4-4455-8EF8-ED8D2548352F}.Release|Any CPU.ActiveCfg = Release|Any CPU
		{DF14EE27-F3B4-4455-8EF8-ED8D2548352F}.Release|Any CPU.Build.0 = Release|Any CPU
		{ADE61610-C25A-48A8-97A7-7CB17917348D}.Debug|Any CPU.ActiveCfg = Debug|Any CPU
		{ADE61610-C25A-48A8-97A7-7CB17917348D}.Debug|Any CPU.Build.0 = Debug|Any CPU
		{ADE61610-C25A-48A8-97A7-7CB17917348D}.Release|Any CPU.ActiveCfg = Release|Any CPU
		{ADE61610-C25A-48A8-97A7-7CB17917348D}.Release|Any CPU.Build.0 = Release|Any CPU
		{6C203ACC-DF6D-42C4-AB70-D0C2C43BF8F4}.Debug|Any CPU.ActiveCfg = Debug|Any CPU
		{6C203ACC-DF6D-42C4-AB70-D0C2C43BF8F4}.Debug|Any CPU.Build.0 = Debug|Any CPU
		{6C203ACC-DF6D-42C4-AB70-D0C2C43BF8F4}.Release|Any CPU.ActiveCfg = Release|Any CPU
		{6C203ACC-DF6D-42C4-AB70-D0C2C43BF8F4}.Release|Any CPU.Build.0 = Release|Any CPU
		{2B7DE3DC-8440-44AC-A7EE-27DAB04CBDAA}.Debug|Any CPU.ActiveCfg = Debug|Any CPU
		{2B7DE3DC-8440-44AC-A7EE-27DAB04CBDAA}.Debug|Any CPU.Build.0 = Debug|Any CPU
		{2B7DE3DC-8440-44AC-A7EE-27DAB04CBDAA}.Release|Any CPU.ActiveCfg = Release|Any CPU
		{2B7DE3DC-8440-44AC-A7EE-27DAB04CBDAA}.Release|Any CPU.Build.0 = Release|Any CPU
		{DB428595-22E9-4420-9D4C-723D4599E3A2}.Debug|Any CPU.ActiveCfg = Debug|Any CPU
		{DB428595-22E9-4420-9D4C-723D4599E3A2}.Debug|Any CPU.Build.0 = Debug|Any CPU
		{DB428595-22E9-4420-9D4C-723D4599E3A2}.Release|Any CPU.ActiveCfg = Release|Any CPU
		{DB428595-22E9-4420-9D4C-723D4599E3A2}.Release|Any CPU.Build.0 = Release|Any CPU
	EndGlobalSection
	GlobalSection(SolutionProperties) = preSolution
		HideSolutionNode = FALSE
	EndGlobalSection
	GlobalSection(ExtensibilityGlobals) = postSolution
		SolutionGuid = {E2D797C9-02D0-44B0-A0D1-20158F104337}
	EndGlobalSection
EndGlobal
